
Microsoft Visual Studio Solution File, Format Version 12.00
# Visual Studio Version 17
VisualStudioVersion = 17.2.32602.215
MinimumVisualStudioVersion = 10.0.40219.1
Project("{9A19103F-16F7-4668-BE54-9A1E7A4F7556}") = "BossOfTheGym", "BossOfTheGym\BossOfTheGym.csproj", "{54617730-A082-433C-BA8E-52F974C84591}"
EndProject
Project("{9A19103F-16F7-4668-BE54-9A1E7A4F7556}") = "BossOfTheGym.Tests", "BossOfTheGym.Tests\BossOfTheGym.Tests.csproj", "{62438125-7ED2-41EC-A19D-7A670947566F}"
	ProjectSection(ProjectDependencies) = postProject
		{54617730-A082-433C-BA8E-52F974C84591} = {54617730-A082-433C-BA8E-52F974C84591}
	EndProjectSection
EndProject
Global
	GlobalSection(SolutionConfigurationPlatforms) = preSolution
		Debug|Any CPU = Debug|Any CPU
		Release|Any CPU = Release|Any CPU
	EndGlobalSection
	GlobalSection(ProjectConfigurationPlatforms) = postSolution
		{54617730-A082-433C-BA8E-52F974C84591}.Debug|Any CPU.ActiveCfg = Debug|Any CPU
		{54617730-A082-433C-BA8E-52F974C84591}.Debug|Any CPU.Build.0 = Debug|Any CPU
		{54617730-A082-433C-BA8E-52F974C84591}.Release|Any CPU.ActiveCfg = Release|Any CPU
		{54617730-A082-433C-BA8E-52F974C84591}.Release|Any CPU.Build.0 = Release|Any CPU
		{62438125-7ED2-41EC-A19D-7A670947566F}.Debug|Any CPU.ActiveCfg = Debug|Any CPU
		{62438125-7ED2-41EC-A19D-7A670947566F}.Debug|Any CPU.Build.0 = Debug|Any CPU
		{62438125-7ED2-41EC-A19D-7A670947566F}.Release|Any CPU.ActiveCfg = Release|Any CPU
		{62438125-7ED2-41EC-A19D-7A670947566F}.Release|Any CPU.Build.0 = Release|Any CPU
	EndGlobalSection
	GlobalSection(SolutionProperties) = preSolution
		HideSolutionNode = FALSE
	EndGlobalSection
	GlobalSection(ExtensibilityGlobals) = postSolution
		SolutionGuid = {AE5C73C9-FABE-487D-909C-148FE42B838E}
	EndGlobalSection
EndGlobal
